
Microsoft Visual Studio Solution File, Format Version 12.00
# Visual Studio Version 16
VisualStudioVersion = 16.0.28729.10
MinimumVisualStudioVersion = 10.0.40219.1
Project("{9A19103F-16F7-4668-BE54-9A1E7A4F7556}") = "Chater", "Chater\Chater.csproj", "{BCEE74AB-B501-4E5C-96EF-EC5E1AE5A0F7}"
EndProject
Project("{FAE04EC0-301F-11D3-BF4B-00C04F79EFBC}") = "Models", "Models\Models.csproj", "{A8A124FC-AF62-4A59-BE1A-1B882D6A8613}"
EndProject
Project("{FAE04EC0-301F-11D3-BF4B-00C04F79EFBC}") = "Hubs", "SignalR\Hubs.csproj", "{5B335A85-044E-4254-9D32-5297EEDA75EA}"
EndProject
Project("{FAE04EC0-301F-11D3-BF4B-00C04F79EFBC}") = "DTO", "DTO\DTO.csproj", "{DEA8C0B5-D002-4807-89EE-16B33BE80380}"
EndProject
Global
	GlobalSection(SolutionConfigurationPlatforms) = preSolution
		Debug|Any CPU = Debug|Any CPU
		Release|Any CPU = Release|Any CPU
	EndGlobalSection
	GlobalSection(ProjectConfigurationPlatforms) = postSolution
		{BCEE74AB-B501-4E5C-96EF-EC5E1AE5A0F7}.Debug|Any CPU.ActiveCfg = Debug|Any CPU
		{BCEE74AB-B501-4E5C-96EF-EC5E1AE5A0F7}.Debug|Any CPU.Build.0 = Debug|Any CPU
		{BCEE74AB-B501-4E5C-96EF-EC5E1AE5A0F7}.Release|Any CPU.ActiveCfg = Release|Any CPU
		{BCEE74AB-B501-4E5C-96EF-EC5E1AE5A0F7}.Release|Any CPU.Build.0 = Release|Any CPU
		{A8A124FC-AF62-4A59-BE1A-1B882D6A8613}.Debug|Any CPU.ActiveCfg = Debug|Any CPU
		{A8A124FC-AF62-4A59-BE1A-1B882D6A8613}.Debug|Any CPU.Build.0 = Debug|Any CPU
		{A8A124FC-AF62-4A59-BE1A-1B882D6A8613}.Release|Any CPU.ActiveCfg = Release|Any CPU
		{A8A124FC-AF62-4A59-BE1A-1B882D6A8613}.Release|Any CPU.Build.0 = Release|Any CPU
		{5B335A85-044E-4254-9D32-5297EEDA75EA}.Debug|Any CPU.ActiveCfg = Debug|Any CPU
		{5B335A85-044E-4254-9D32-5297EEDA75EA}.Debug|Any CPU.Build.0 = Debug|Any CPU
		{5B335A85-044E-4254-9D32-5297EEDA75EA}.Release|Any CPU.ActiveCfg = Release|Any CPU
		{5B335A85-044E-4254-9D32-5297EEDA75EA}.Release|Any CPU.Build.0 = Release|Any CPU
		{DEA8C0B5-D002-4807-89EE-16B33BE80380}.Debug|Any CPU.ActiveCfg = Debug|Any CPU
		{DEA8C0B5-D002-4807-89EE-16B33BE80380}.Debug|Any CPU.Build.0 = Debug|Any CPU
		{DEA8C0B5-D002-4807-89EE-16B33BE80380}.Release|Any CPU.ActiveCfg = Release|Any CPU
		{DEA8C0B5-D002-4807-89EE-16B33BE80380}.Release|Any CPU.Build.0 = Release|Any CPU
	EndGlobalSection
	GlobalSection(SolutionProperties) = preSolution
		HideSolutionNode = FALSE
	EndGlobalSection
	GlobalSection(ExtensibilityGlobals) = postSolution
		SolutionGuid = {0C4EC19E-7C2B-4036-B29C-7A1B6DC9098C}
	EndGlobalSection
EndGlobal
